
Microsoft Visual Studio Solution File, Format Version 12.00
# Visual Studio 15
VisualStudioVersion = 15.0.26124.0
MinimumVisualStudioVersion = 15.0.26124.0
Project("{FAE04EC0-301F-11D3-BF4B-00C04F79EFBC}") = "WeatherApi1", "WeatherApi1\WeatherApi1.csproj", "{2F4E0A44-25D6-43C1-BA60-800186708E78}"
EndProject
Project("{FAE04EC0-301F-11D3-BF4B-00C04F79EFBC}") = "WeatherApi2", "WeatherApi2\WeatherApi2.csproj", "{AD52152B-8FF6-4528-9F4D-6143163554EA}"
EndProject
Global
	GlobalSection(SolutionConfigurationPlatforms) = preSolution
		Debug|Any CPU = Debug|Any CPU
		Debug|x64 = Debug|x64
		Debug|x86 = Debug|x86
		Release|Any CPU = Release|Any CPU
		Release|x64 = Release|x64
		Release|x86 = Release|x86
	EndGlobalSection
	GlobalSection(SolutionProperties) = preSolution
		HideSolutionNode = FALSE
	EndGlobalSection
	GlobalSection(ProjectConfigurationPlatforms) = postSolution
		{2F4E0A44-25D6-43C1-BA60-800186708E78}.Debug|Any CPU.ActiveCfg = Debug|Any CPU
		{2F4E0A44-25D6-43C1-BA60-800186708E78}.Debug|Any CPU.Build.0 = Debug|Any CPU
		{2F4E0A44-25D6-43C1-BA60-800186708E78}.Debug|x64.ActiveCfg = Debug|Any CPU
		{2F4E0A44-25D6-43C1-BA60-800186708E78}.Debug|x64.Build.0 = Debug|Any CPU
		{2F4E0A44-25D6-43C1-BA60-800186708E78}.Debug|x86.ActiveCfg = Debug|Any CPU
		{2F4E0A44-25D6-43C1-BA60-800186708E78}.Debug|x86.Build.0 = Debug|Any CPU
		{2F4E0A44-25D6-43C1-BA60-800186708E78}.Release|Any CPU.ActiveCfg = Release|Any CPU
		{2F4E0A44-25D6-43C1-BA60-800186708E78}.Release|Any CPU.Build.0 = Release|Any CPU
		{2F4E0A44-25D6-43C1-BA60-800186708E78}.Release|x64.ActiveCfg = Release|Any CPU
		{2F4E0A44-25D6-43C1-BA60-800186708E78}.Release|x64.Build.0 = Release|Any CPU
		{2F4E0A44-25D6-43C1-BA60-800186708E78}.Release|x86.ActiveCfg = Release|Any CPU
		{2F4E0A44-25D6-43C1-BA60-800186708E78}.Release|x86.Build.0 = Release|Any CPU
		{AD52152B-8FF6-4528-9F4D-6143163554EA}.Debug|Any CPU.ActiveCfg = Debug|Any CPU
		{AD52152B-8FF6-4528-9F4D-6143163554EA}.Debug|Any CPU.Build.0 = Debug|Any CPU
		{AD52152B-8FF6-4528-9F4D-6143163554EA}.Debug|x64.ActiveCfg = Debug|Any CPU
		{AD52152B-8FF6-4528-9F4D-6143163554EA}.Debug|x64.Build.0 = Debug|Any CPU
		{AD52152B-8FF6-4528-9F4D-6143163554EA}.Debug|x86.ActiveCfg = Debug|Any CPU
		{AD52152B-8FF6-4528-9F4D-6143163554EA}.Debug|x86.Build.0 = Debug|Any CPU
		{AD52152B-8FF6-4528-9F4D-6143163554EA}.Release|Any CPU.ActiveCfg = Release|Any CPU
		{AD52152B-8FF6-4528-9F4D-6143163554EA}.Release|Any CPU.Build.0 = Release|Any CPU
		{AD52152B-8FF6-4528-9F4D-6143163554EA}.Release|x64.ActiveCfg = Release|Any CPU
		{AD52152B-8FF6-4528-9F4D-6143163554EA}.Release|x64.Build.0 = Release|Any CPU
		{AD52152B-8FF6-4528-9F4D-6143163554EA}.Release|x86.ActiveCfg = Release|Any CPU
		{AD52152B-8FF6-4528-9F4D-6143163554EA}.Release|x86.Build.0 = Release|Any CPU
	EndGlobalSection
EndGlobal
